
Microsoft Visual Studio Solution File, Format Version 12.00
# Visual Studio Version 16
VisualStudioVersion = 16.0.30114.105
MinimumVisualStudioVersion = 10.0.40219.1
Project("{FAE04EC0-301F-11D3-BF4B-00C04F79EFBC}") = "AppNovaAgenda_SQLite_MVVM.UWP", "AppNovaAgenda_SQLite_MVVM\AppNovaAgenda_SQLite_MVVM.UWP\AppNovaAgenda_SQLite_MVVM.UWP.csproj", "{C64E6064-BF7A-420B-A555-B18E6EC76CDE}"
EndProject
Project("{FAE04EC0-301F-11D3-BF4B-00C04F79EFBC}") = "AppNovaAgenda_SQLite_MVVM.Android", "AppNovaAgenda_SQLite_MVVM\AppNovaAgenda_SQLite_MVVM.Android\AppNovaAgenda_SQLite_MVVM.Android.csproj", "{CDA0E5F2-F17A-4645-AEC0-E2CA1E8524D1}"
EndProject
Project("{FAE04EC0-301F-11D3-BF4B-00C04F79EFBC}") = "AppNovaAgenda_SQLite_MVVM.iOS", "AppNovaAgenda_SQLite_MVVM\AppNovaAgenda_SQLite_MVVM.iOS\AppNovaAgenda_SQLite_MVVM.iOS.csproj", "{A737F30B-6CD5-40AD-B302-B4919A0A43D9}"
EndProject
Project("{FAE04EC0-301F-11D3-BF4B-00C04F79EFBC}") = "AppNovaAgenda_SQLite_MVVM", "AppNovaAgenda_SQLite_MVVM\AppNovaAgenda_SQLite_MVVM\AppNovaAgenda_SQLite_MVVM.csproj", "{C8B3EA7D-5649-49F5-B28F-81AEAA5D4503}"
EndProject
Global
	GlobalSection(SolutionConfigurationPlatforms) = preSolution
		Debug|Any CPU = Debug|Any CPU
		Debug|ARM = Debug|ARM
		Debug|iPhone = Debug|iPhone
		Debug|iPhoneSimulator = Debug|iPhoneSimulator
		Debug|x64 = Debug|x64
		Debug|x86 = Debug|x86
		Release|Any CPU = Release|Any CPU
		Release|ARM = Release|ARM
		Release|iPhone = Release|iPhone
		Release|iPhoneSimulator = Release|iPhoneSimulator
		Release|x64 = Release|x64
		Release|x86 = Release|x86
	EndGlobalSection
	GlobalSection(ProjectConfigurationPlatforms) = postSolution
		{C64E6064-BF7A-420B-A555-B18E6EC76CDE}.Debug|Any CPU.ActiveCfg = Debug|x86
		{C64E6064-BF7A-420B-A555-B18E6EC76CDE}.Debug|Any CPU.Build.0 = Debug|x86
		{C64E6064-BF7A-420B-A555-B18E6EC76CDE}.Debug|Any CPU.Deploy.0 = Debug|x86
		{C64E6064-BF7A-420B-A555-B18E6EC76CDE}.Debug|ARM.ActiveCfg = Debug|ARM
		{C64E6064-BF7A-420B-A555-B18E6EC76CDE}.Debug|ARM.Build.0 = Debug|ARM
		{C64E6064-BF7A-420B-A555-B18E6EC76CDE}.Debug|ARM.Deploy.0 = Debug|ARM
		{C64E6064-BF7A-420B-A555-B18E6EC76CDE}.Debug|iPhone.ActiveCfg = Debug|x86
		{C64E6064-BF7A-420B-A555-B18E6EC76CDE}.Debug|iPhone.Build.0 = Debug|x86
		{C64E6064-BF7A-420B-A555-B18E6EC76CDE}.Debug|iPhone.Deploy.0 = Debug|x86
		{C64E6064-BF7A-420B-A555-B18E6EC76CDE}.Debug|iPhoneSimulator.ActiveCfg = Debug|x86
		{C64E6064-BF7A-420B-A555-B18E6EC76CDE}.Debug|iPhoneSimulator.Build.0 = Debug|x86
		{C64E6064-BF7A-420B-A555-B18E6EC76CDE}.Debug|iPhoneSimulator.Deploy.0 = Debug|x86
		{C64E6064-BF7A-420B-A555-B18E6EC76CDE}.Debug|x64.ActiveCfg = Debug|x64
		{C64E6064-BF7A-420B-A555-B18E6EC76CDE}.Debug|x64.Build.0 = Debug|x64
		{C64E6064-BF7A-420B-A555-B18E6EC76CDE}.Debug|x64.Deploy.0 = Debug|x64
		{C64E6064-BF7A-420B-A555-B18E6EC76CDE}.Debug|x86.ActiveCfg = Debug|x86
		{C64E6064-BF7A-420B-A555-B18E6EC76CDE}.Debug|x86.Build.0 = Debug|x86
		{C64E6064-BF7A-420B-A555-B18E6EC76CDE}.Debug|x86.Deploy.0 = Debug|x86
		{C64E6064-BF7A-420B-A555-B18E6EC76CDE}.Release|Any CPU.ActiveCfg = Release|x86
		{C64E6064-BF7A-420B-A555-B18E6EC76CDE}.Release|Any CPU.Build.0 = Release|x86
		{C64E6064-BF7A-420B-A555-B18E6EC76CDE}.Release|Any CPU.Deploy.0 = Release|x86
		{C64E6064-BF7A-420B-A555-B18E6EC76CDE}.Release|ARM.ActiveCfg = Release|ARM
		{C64E6064-BF7A-420B-A555-B18E6EC76CDE}.Release|ARM.Build.0 = Release|ARM
		{C64E6064-BF7A-420B-A555-B18E6EC76CDE}.Release|ARM.Deploy.0 = Release|ARM
		{C64E6064-BF7A-420B-A555-B18E6EC76CDE}.Release|iPhone.ActiveCfg = Release|x86
		{C64E6064-BF7A-420B-A555-B18E6EC76CDE}.Release|iPhone.Build.0 = Release|x86
		{C64E6064-BF7A-420B-A555-B18E6EC76CDE}.Release|iPhone.Deploy.0 = Release|x86
		{C64E6064-BF7A-420B-A555-B18E6EC76CDE}.Release|iPhoneSimulator.ActiveCfg = Release|x86
		{C64E6064-BF7A-420B-A555-B18E6EC76CDE}.Release|iPhoneSimulator.Build.0 = Release|x86
		{C64E6064-BF7A-420B-A555-B18E6EC76CDE}.Release|iPhoneSimulator.Deploy.0 = Release|x86
		{C64E6064-BF7A-420B-A555-B18E6EC76CDE}.Release|x64.ActiveCfg = Release|x64
		{C64E6064-BF7A-420B-A555-B18E6EC76CDE}.Release|x64.Build.0 = Release|x64
		{C64E6064-BF7A-420B-A555-B18E6EC76CDE}.Release|x64.Deploy.0 = Release|x64
		{C64E6064-BF7A-420B-A555-B18E6EC76CDE}.Release|x86.ActiveCfg = Release|x86
		{C64E6064-BF7A-420B-A555-B18E6EC76CDE}.Release|x86.Build.0 = Release|x86
		{C64E6064-BF7A-420B-A555-B18E6EC76CDE}.Release|x86.Deploy.0 = Release|x86
		{CDA0E5F2-F17A-4645-AEC0-E2CA1E8524D1}.Debug|Any CPU.ActiveCfg = Debug|Any CPU
		{CDA0E5F2-F17A-4645-AEC0-E2CA1E8524D1}.Debug|Any CPU.Build.0 = Debug|Any CPU
		{CDA0E5F2-F17A-4645-AEC0-E2CA1E8524D1}.Debug|Any CPU.Deploy.0 = Debug|Any CPU
		{CDA0E5F2-F17A-4645-AEC0-E2CA1E8524D1}.Debug|ARM.ActiveCfg = Debug|Any CPU
		{CDA0E5F2-F17A-4645-AEC0-E2CA1E8524D1}.Debug|ARM.Build.0 = Debug|Any CPU
		{CDA0E5F2-F17A-4645-AEC0-E2CA1E8524D1}.Debug|ARM.Deploy.0 = Debug|Any CPU
		{CDA0E5F2-F17A-4645-AEC0-E2CA1E8524D1}.Debug|iPhone.ActiveCfg = Debug|Any CPU
		{CDA0E5F2-F17A-4645-AEC0-E2CA1E8524D1}.Debug|iPhone.Build.0 = Debug|Any CPU
		{CDA0E5F2-F17A-4645-AEC0-E2CA1E8524D1}.Debug|iPhone.Deploy.0 = Debug|Any CPU
		{CDA0E5F2-F17A-4645-AEC0-E2CA1E8524D1}.Debug|iPhoneSimulator.ActiveCfg = Debug|Any CPU
		{CDA0E5F2-F17A-4645-AEC0-E2CA1E8524D1}.Debug|iPhoneSimulator.Build.0 = Debug|Any CPU
		{CDA0E5F2-F17A-4645-AEC0-E2CA1E8524D1}.Debug|iPhoneSimulator.Deploy.0 = Debug|Any CPU
		{CDA0E5F2-F17A-4645-AEC0-E2CA1E8524D1}.Debug|x64.ActiveCfg = Debug|Any CPU
		{CDA0E5F2-F17A-4645-AEC0-E2CA1E8524D1}.Debug|x64.Build.0 = Debug|Any CPU
		{CDA0E5F2-F17A-4645-AEC0-E2CA1E8524D1}.Debug|x64.Deploy.0 = Debug|Any CPU
		{CDA0E5F2-F17A-4645-AEC0-E2CA1E8524D1}.Debug|x86.ActiveCfg = Debug|Any CPU
		{CDA0E5F2-F17A-4645-AEC0-E2CA1E8524D1}.Debug|x86.Build.0 = Debug|Any CPU
		{CDA0E5F2-F17A-4645-AEC0-E2CA1E8524D1}.Debug|x86.Deploy.0 = Debug|Any CPU
		{CDA0E5F2-F17A-4645-AEC0-E2CA1E8524D1}.Release|Any CPU.ActiveCfg = Release|Any CPU
		{CDA0E5F2-F17A-4645-AEC0-E2CA1E8524D1}.Release|Any CPU.Build.0 = Release|Any CPU
		{CDA0E5F2-F17A-4645-AEC0-E2CA1E8524D1}.Release|Any CPU.Deploy.0 = Release|Any CPU
		{CDA0E5F2-F17A-4645-AEC0-E2CA1E8524D1}.Release|ARM.ActiveCfg = Release|Any CPU
		{CDA0E5F2-F17A-4645-AEC0-E2CA1E8524D1}.Release|ARM.Build.0 = Release|Any CPU
		{CDA0E5F2-F17A-4645-AEC0-E2CA1E8524D1}.Release|ARM.Deploy.0 = Release|Any CPU
		{CDA0E5F2-F17A-4645-AEC0-E2CA1E8524D1}.Release|iPhone.ActiveCfg = Release|Any CPU
		{CDA0E5F2-F17A-4645-AEC0-E2CA1E8524D1}.Release|iPhone.Build.0 = Release|Any CPU
		{CDA0E5F2-F17A-4645-AEC0-E2CA1E8524D1}.Release|iPhone.Deploy.0 = Release|Any CPU
		{CDA0E5F2-F17A-4645-AEC0-E2CA1E8524D1}.Release|iPhoneSimulator.ActiveCfg = Release|Any CPU
		{CDA0E5F2-F17A-4645-AEC0-E2CA1E8524D1}.Release|iPhoneSimulator.Build.0 = Release|Any CPU
		{CDA0E5F2-F17A-4645-AEC0-E2CA1E8524D1}.Release|iPhoneSimulator.Deploy.0 = Release|Any CPU
		{CDA0E5F2-F17A-4645-AEC0-E2CA1E8524D1}.Release|x64.ActiveCfg = Release|Any CPU
		{CDA0E5F2-F17A-4645-AEC0-E2CA1E8524D1}.Release|x64.Build.0 = Release|Any CPU
		{CDA0E5F2-F17A-4645-AEC0-E2CA1E8524D1}.Release|x64.Deploy.0 = Release|Any CPU
		{CDA0E5F2-F17A-4645-AEC0-E2CA1E8524D1}.Release|x86.ActiveCfg = Release|Any CPU
		{CDA0E5F2-F17A-4645-AEC0-E2CA1E8524D1}.Release|x86.Build.0 = Release|Any CPU
		{CDA0E5F2-F17A-4645-AEC0-E2CA1E8524D1}.Release|x86.Deploy.0 = Release|Any CPU
		{A737F30B-6CD5-40AD-B302-B4919A0A43D9}.Debug|Any CPU.ActiveCfg = Debug|iPhone
		{A737F30B-6CD5-40AD-B302-B4919A0A43D9}.Debug|Any CPU.Build.0 = Debug|iPhone
		{A737F30B-6CD5-40AD-B302-B4919A0A43D9}.Debug|Any CPU.Deploy.0 = Debug|iPhone
		{A737F30B-6CD5-40AD-B302-B4919A0A43D9}.Debug|ARM.ActiveCfg = Debug|iPhone
		{A737F30B-6CD5-40AD-B302-B4919A0A43D9}.Debug|ARM.Build.0 = Debug|iPhone
		{A737F30B-6CD5-40AD-B302-B4919A0A43D9}.Debug|ARM.Deploy.0 = Debug|iPhone
		{A737F30B-6CD5-40AD-B302-B4919A0A43D9}.Debug|iPhone.ActiveCfg = Debug|iPhone
		{A737F30B-6CD5-40AD-B302-B4919A0A43D9}.Debug|iPhone.Build.0 = Debug|iPhone
		{A737F30B-6CD5-40AD-B302-B4919A0A43D9}.Debug|iPhone.Deploy.0 = Debug|iPhone
		{A737F30B-6CD5-40AD-B302-B4919A0A43D9}.Debug|iPhoneSimulator.ActiveCfg = Debug|iPhoneSimulator
		{A737F30B-6CD5-40AD-B302-B4919A0A43D9}.Debug|iPhoneSimulator.Build.0 = Debug|iPhoneSimulator
		{A737F30B-6CD5-40AD-B302-B4919A0A43D9}.Debug|iPhoneSimulator.Deploy.0 = Debug|iPhoneSimulator
		{A737F30B-6CD5-40AD-B302-B4919A0A43D9}.Debug|x64.ActiveCfg = Debug|iPhone
		{A737F30B-6CD5-40AD-B302-B4919A0A43D9}.Debug|x64.Build.0 = Debug|iPhone
		{A737F30B-6CD5-40AD-B302-B4919A0A43D9}.Debug|x64.Deploy.0 = Debug|iPhone
		{A737F30B-6CD5-40AD-B302-B4919A0A43D9}.Debug|x86.ActiveCfg = Debug|iPhone
		{A737F30B-6CD5-40AD-B302-B4919A0A43D9}.Debug|x86.Build.0 = Debug|iPhone
		{A737F30B-6CD5-40AD-B302-B4919A0A43D9}.Debug|x86.Deploy.0 = Debug|iPhone
		{A737F30B-6CD5-40AD-B302-B4919A0A43D9}.Release|Any CPU.ActiveCfg = Release|iPhone
		{A737F30B-6CD5-40AD-B302-B4919A0A43D9}.Release|Any CPU.Build.0 = Release|iPhone
		{A737F30B-6CD5-40AD-B302-B4919A0A43D9}.Release|Any CPU.Deploy.0 = Release|iPhone
		{A737F30B-6CD5-40AD-B302-B4919A0A43D9}.Release|ARM.ActiveCfg = Release|iPhone
		{A737F30B-6CD5-40AD-B302-B4919A0A43D9}.Release|ARM.Build.0 = Release|iPhone
		{A737F30B-6CD5-40AD-B302-B4919A0A43D9}.Release|ARM.Deploy.0 = Release|iPhone
		{A737F30B-6CD5-40AD-B302-B4919A0A43D9}.Release|iPhone.ActiveCfg = Release|iPhone
		{A737F30B-6CD5-40AD-B302-B4919A0A43D9}.Release|iPhone.Build.0 = Release|iPhone
		{A737F30B-6CD5-40AD-B302-B4919A0A43D9}.Release|iPhone.Deploy.0 = Release|iPhone
		{A737F30B-6CD5-40AD-B302-B4919A0A43D9}.Release|iPhoneSimulator.ActiveCfg = Release|iPhoneSimulator
		{A737F30B-6CD5-40AD-B302-B4919A0A43D9}.Release|iPhoneSimulator.Build.0 = Release|iPhoneSimulator
		{A737F30B-6CD5-40AD-B302-B4919A0A43D9}.Release|iPhoneSimulator.Deploy.0 = Release|iPhoneSimulator
		{A737F30B-6CD5-40AD-B302-B4919A0A43D9}.Release|x64.ActiveCfg = Release|iPhone
		{A737F30B-6CD5-40AD-B302-B4919A0A43D9}.Release|x64.Build.0 = Release|iPhone
		{A737F30B-6CD5-40AD-B302-B4919A0A43D9}.Release|x64.Deploy.0 = Release|iPhone
		{A737F30B-6CD5-40AD-B302-B4919A0A43D9}.Release|x86.ActiveCfg = Release|iPhone
		{A737F30B-6CD5-40AD-B302-B4919A0A43D9}.Release|x86.Build.0 = Release|iPhone
		{A737F30B-6CD5-40AD-B302-B4919A0A43D9}.Release|x86.Deploy.0 = Release|iPhone
		{C8B3EA7D-5649-49F5-B28F-81AEAA5D4503}.Debug|Any CPU.ActiveCfg = Debug|Any CPU
		{C8B3EA7D-5649-49F5-B28F-81AEAA5D4503}.Debug|Any CPU.Build.0 = Debug|Any CPU
		{C8B3EA7D-5649-49F5-B28F-81AEAA5D4503}.Debug|Any CPU.Deploy.0 = Debug|Any CPU
		{C8B3EA7D-5649-49F5-B28F-81AEAA5D4503}.Debug|ARM.ActiveCfg = Debug|Any CPU
		{C8B3EA7D-5649-49F5-B28F-81AEAA5D4503}.Debug|ARM.Build.0 = Debug|Any CPU
		{C8B3EA7D-5649-49F5-B28F-81AEAA5D4503}.Debug|ARM.Deploy.0 = Debug|Any CPU
		{C8B3EA7D-5649-49F5-B28F-81AEAA5D4503}.Debug|iPhone.ActiveCfg = Debug|Any CPU
		{C8B3EA7D-5649-49F5-B28F-81AEAA5D4503}.Debug|iPhone.Build.0 = Debug|Any CPU
		{C8B3EA7D-5649-49F5-B28F-81AEAA5D4503}.Debug|iPhone.Deploy.0 = Debug|Any CPU
		{C8B3EA7D-5649-49F5-B28F-81AEAA5D4503}.Debug|iPhoneSimulator.ActiveCfg = Debug|Any CPU
		{C8B3EA7D-5649-49F5-B28F-81AEAA5D4503}.Debug|iPhoneSimulator.Build.0 = Debug|Any CPU
		{C8B3EA7D-5649-49F5-B28F-81AEAA5D4503}.Debug|iPhoneSimulator.Deploy.0 = Debug|Any CPU
		{C8B3EA7D-5649-49F5-B28F-81AEAA5D4503}.Debug|x64.ActiveCfg = Debug|Any CPU
		{C8B3EA7D-5649-49F5-B28F-81AEAA5D4503}.Debug|x64.Build.0 = Debug|Any CPU
		{C8B3EA7D-5649-49F5-B28F-81AEAA5D4503}.Debug|x64.Deploy.0 = Debug|Any CPU
		{C8B3EA7D-5649-49F5-B28F-81AEAA5D4503}.Debug|x86.ActiveCfg = Debug|Any CPU
		{C8B3EA7D-5649-49F5-B28F-81AEAA5D4503}.Debug|x86.Build.0 = Debug|Any CPU
		{C8B3EA7D-5649-49F5-B28F-81AEAA5D4503}.Debug|x86.Deploy.0 = Debug|Any CPU
		{C8B3EA7D-5649-49F5-B28F-81AEAA5D4503}.Release|Any CPU.ActiveCfg = Release|Any CPU
		{C8B3EA7D-5649-49F5-B28F-81AEAA5D4503}.Release|Any CPU.Build.0 = Release|Any CPU
		{C8B3EA7D-5649-49F5-B28F-81AEAA5D4503}.Release|Any CPU.Deploy.0 = Release|Any CPU
		{C8B3EA7D-5649-49F5-B28F-81AEAA5D4503}.Release|ARM.ActiveCfg = Release|Any CPU
		{C8B3EA7D-5649-49F5-B28F-81AEAA5D4503}.Release|ARM.Build.0 = Release|Any CPU
		{C8B3EA7D-5649-49F5-B28F-81AEAA5D4503}.Release|ARM.Deploy.0 = Release|Any CPU
		{C8B3EA7D-5649-49F5-B28F-81AEAA5D4503}.Release|iPhone.ActiveCfg = Release|Any CPU
		{C8B3EA7D-5649-49F5-B28F-81AEAA5D4503}.Release|iPhone.Build.0 = Release|Any CPU
		{C8B3EA7D-5649-49F5-B28F-81AEAA5D4503}.Release|iPhone.Deploy.0 = Release|Any CPU
		{C8B3EA7D-5649-49F5-B28F-81AEAA5D4503}.Release|iPhoneSimulator.ActiveCfg = Release|Any CPU
		{C8B3EA7D-5649-49F5-B28F-81AEAA5D4503}.Release|iPhoneSimulator.Build.0 = Release|Any CPU
		{C8B3EA7D-5649-49F5-B28F-81AEAA5D4503}.Release|iPhoneSimulator.Deploy.0 = Release|Any CPU
		{C8B3EA7D-5649-49F5-B28F-81AEAA5D4503}.Release|x64.ActiveCfg = Release|Any CPU
		{C8B3EA7D-5649-49F5-B28F-81AEAA5D4503}.Release|x64.Build.0 = Release|Any CPU
		{C8B3EA7D-5649-49F5-B28F-81AEAA5D4503}.Release|x64.Deploy.0 = Release|Any CPU
		{C8B3EA7D-5649-49F5-B28F-81AEAA5D4503}.Release|x86.ActiveCfg = Release|Any CPU
		{C8B3EA7D-5649-49F5-B28F-81AEAA5D4503}.Release|x86.Build.0 = Release|Any CPU
		{C8B3EA7D-5649-49F5-B28F-81AEAA5D4503}.Release|x86.Deploy.0 = Release|Any CPU
	EndGlobalSection
	GlobalSection(SolutionProperties) = preSolution
		HideSolutionNode = FALSE
	EndGlobalSection
	GlobalSection(ExtensibilityGlobals) = postSolution
		SolutionGuid = {A493D00C-6F4B-440B-91F0-D699680DD0F3}
	EndGlobalSection
EndGlobal
